
Microsoft Visual Studio Solution File, Format Version 12.00
# Visual Studio Version 17
VisualStudioVersion = 17.8.34511.84
MinimumVisualStudioVersion = 10.0.40219.1
Project("{9A19103F-16F7-4668-BE54-9A1E7A4F7556}") = "VContainer.Standalone", "VContainer.Standalone\VContainer.Standalone.csproj", "{799DADAC-51EB-4039-8DAB-323DA3638F50}"
EndProject
Project("{9A19103F-16F7-4668-BE54-9A1E7A4F7556}") = "VContainer.SourceGenerator.Roslyn3", "VContainer.SourceGenerator.Roslyn3\VContainer.SourceGenerator.Roslyn3.csproj", "{F80B5656-2CC8-425D-B140-DDCF2A1CA6CF}"
EndProject
Project("{9A19103F-16F7-4668-BE54-9A1E7A4F7556}") = "VContainer.SourceGenerator", "VContainer.SourceGenerator\VContainer.SourceGenerator.csproj", "{FB341B09-8197-45B1-92AC-22D5385FC187}"
EndProject
Project("{2150E333-8FDC-42A3-9474-1A3956D46DE8}") = "tests", "tests", "{8519382C-D1E4-41D3-B5F0-931A273D78B2}"
EndProject
Project("{9A19103F-16F7-4668-BE54-9A1E7A4F7556}") = "VContainer.StandaloneTests", "tests\VContainer.StandaloneTests\VContainer.StandaloneTests.csproj", "{2B088390-5289-4E81-90ED-839C8F4242BE}"
EndProject
Project("{FAE04EC0-301F-11D3-BF4B-00C04F79EFBC}") = "VContainer.Microsoft.DependencyInjection", "VContainer.Microsoft.DependencyInjection\VContainer.Microsoft.DependencyInjection.csproj", "{9ED5C454-6359-4709-9F92-DA3973149C7C}"
EndProject
Project("{FAE04EC0-301F-11D3-BF4B-00C04F79EFBC}") = "VContainer.Microsoft.DependencyInjectionTests", "VContainer.Microsoft.DependencyInjectionTests\VContainer.Microsoft.DependencyInjectionTests.csproj", "{3C10B7BA-4C65-4D74-B03C-7BA59EDF7B6E}"
EndProject
Global
	GlobalSection(SolutionConfigurationPlatforms) = preSolution
		Debug|Any CPU = Debug|Any CPU
		Release|Any CPU = Release|Any CPU
	EndGlobalSection
	GlobalSection(ProjectConfigurationPlatforms) = postSolution
		{799DADAC-51EB-4039-8DAB-323DA3638F50}.Debug|Any CPU.ActiveCfg = Debug|Any CPU
		{799DADAC-51EB-4039-8DAB-323DA3638F50}.Debug|Any CPU.Build.0 = Debug|Any CPU
		{799DADAC-51EB-4039-8DAB-323DA3638F50}.Release|Any CPU.ActiveCfg = Release|Any CPU
		{799DADAC-51EB-4039-8DAB-323DA3638F50}.Release|Any CPU.Build.0 = Release|Any CPU
		{F80B5656-2CC8-425D-B140-DDCF2A1CA6CF}.Debug|Any CPU.ActiveCfg = Debug|Any CPU
		{F80B5656-2CC8-425D-B140-DDCF2A1CA6CF}.Debug|Any CPU.Build.0 = Debug|Any CPU
		{F80B5656-2CC8-425D-B140-DDCF2A1CA6CF}.Release|Any CPU.ActiveCfg = Release|Any CPU
		{F80B5656-2CC8-425D-B140-DDCF2A1CA6CF}.Release|Any CPU.Build.0 = Release|Any CPU
		{FB341B09-8197-45B1-92AC-22D5385FC187}.Debug|Any CPU.ActiveCfg = Debug|Any CPU
		{FB341B09-8197-45B1-92AC-22D5385FC187}.Debug|Any CPU.Build.0 = Debug|Any CPU
		{FB341B09-8197-45B1-92AC-22D5385FC187}.Release|Any CPU.ActiveCfg = Release|Any CPU
		{FB341B09-8197-45B1-92AC-22D5385FC187}.Release|Any CPU.Build.0 = Release|Any CPU
		{2B088390-5289-4E81-90ED-839C8F4242BE}.Debug|Any CPU.ActiveCfg = Debug|Any CPU
		{2B088390-5289-4E81-90ED-839C8F4242BE}.Debug|Any CPU.Build.0 = Debug|Any CPU
		{2B088390-5289-4E81-90ED-839C8F4242BE}.Release|Any CPU.ActiveCfg = Release|Any CPU
		{2B088390-5289-4E81-90ED-839C8F4242BE}.Release|Any CPU.Build.0 = Release|Any CPU
		{9ED5C454-6359-4709-9F92-DA3973149C7C}.Debug|Any CPU.ActiveCfg = Debug|Any CPU
		{9ED5C454-6359-4709-9F92-DA3973149C7C}.Debug|Any CPU.Build.0 = Debug|Any CPU
		{9ED5C454-6359-4709-9F92-DA3973149C7C}.Release|Any CPU.ActiveCfg = Release|Any CPU
		{9ED5C454-6359-4709-9F92-DA3973149C7C}.Release|Any CPU.Build.0 = Release|Any CPU
		{3C10B7BA-4C65-4D74-B03C-7BA59EDF7B6E}.Debug|Any CPU.ActiveCfg = Debug|Any CPU
		{3C10B7BA-4C65-4D74-B03C-7BA59EDF7B6E}.Debug|Any CPU.Build.0 = Debug|Any CPU
		{3C10B7BA-4C65-4D74-B03C-7BA59EDF7B6E}.Release|Any CPU.ActiveCfg = Release|Any CPU
		{3C10B7BA-4C65-4D74-B03C-7BA59EDF7B6E}.Release|Any CPU.Build.0 = Release|Any CPU
	EndGlobalSection
	GlobalSection(SolutionProperties) = preSolution
		HideSolutionNode = FALSE
	EndGlobalSection
	GlobalSection(NestedProjects) = preSolution
		{2B088390-5289-4E81-90ED-839C8F4242BE} = {8519382C-D1E4-41D3-B5F0-931A273D78B2}
	EndGlobalSection
	GlobalSection(ExtensibilityGlobals) = postSolution
		SolutionGuid = {0F7C4A88-4811-46D7-91F0-09805769C1DD}
	EndGlobalSection
EndGlobal
